<Solution>
  <Folder Name="/src/">
    <Project Path="src/Papuma.Kernel.Core/Papuma.Kernel.Core.csproj" />
    <Project Path="src/Papuma.Kernel/Papuma.Kernel.csproj" />
    <Project Path="src/Papuma.Kernel.AspNetCore/Papuma.Kernel.AspNetCore.csproj" />
    <Project Path="src/Papuma.Kernel.Mcp/Papuma.Kernel.Mcp.csproj" />
  </Folder>
  <Folder Name="/tests/">
    <Project Path="tests/Papuma.Kernel.Tests/Papuma.Kernel.Tests.csproj" />
  </Folder>
  <Folder Name="/samples/">
    <Project Path="samples/shop-minimal-api/ShopMinimalApi.csproj" />
    <Project Path="samples/event-modeled-slices/EventModeledSlices.csproj" />
    <Project Path="samples/event-modeled-slices/tests/EventModeledSlices.Tests.csproj" />
  </Folder>
  <Folder Name="/benchmarks/">
    <Project Path="benchmarks/Papuma.Kernel.Benchmarks/Papuma.Kernel.Benchmarks.csproj" />
  </Folder>
</Solution>
